
Microsoft Visual Studio Solution File, Format Version 12.00
# Visual Studio 15
VisualStudioVersion = 15.0.27428.2027
MinimumVisualStudioVersion = 10.0.40219.1
Project("{FAE04EC0-301F-11D3-BF4B-00C04F79EFBC}") = "BirthCertificate", "BirthCertificate\BirthCertificate.csproj", "{C58B0F0E-AF5F-4843-9499-EB5E9E5BF00F}"
EndProject
Global
	GlobalSection(SolutionConfigurationPlatforms) = preSolution
		Debug|Any CPU = Debug|Any CPU
		Release|Any CPU = Release|Any CPU
	EndGlobalSection
	GlobalSection(ProjectConfigurationPlatforms) = postSolution
		{C58B0F0E-AF5F-4843-9499-EB5E9E5BF00F}.Debug|Any CPU.ActiveCfg = Debug|Any CPU
		{C58B0F0E-AF5F-4843-9499-EB5E9E5BF00F}.Debug|Any CPU.Build.0 = Debug|Any CPU
		{C58B0F0E-AF5F-4843-9499-EB5E9E5BF00F}.Release|Any CPU.ActiveCfg = Release|Any CPU
		{C58B0F0E-AF5F-4843-9499-EB5E9E5BF00F}.Release|Any CPU.Build.0 = Release|Any CPU
	EndGlobalSection
	GlobalSection(SolutionProperties) = preSolution
		HideSolutionNode = FALSE
	EndGlobalSection
	GlobalSection(ExtensibilityGlobals) = postSolution
		SolutionGuid = {5146538A-BAD7-4D2C-8CE2-F9A7C514CB28}
	EndGlobalSection
EndGlobal
